
Microsoft Visual Studio Solution File, Format Version 12.00
# Visual Studio Version 16
VisualStudioVersion = 16.0.30804.86
MinimumVisualStudioVersion = 10.0.40219.1
Project("{FAE04EC0-301F-11D3-BF4B-00C04F79EFBC}") = "FirstSample", "FirstSample\FirstSample.csproj", "{CBAF2386-378B-4368-92D7-19E5314DBD2B}"
EndProject
Global
	GlobalSection(SolutionConfigurationPlatforms) = preSolution
		Debug|Any CPU = Debug|Any CPU
		Release|Any CPU = Release|Any CPU
	EndGlobalSection
	GlobalSection(ProjectConfigurationPlatforms) = postSolution
		{CBAF2386-378B-4368-92D7-19E5314DBD2B}.Debug|Any CPU.ActiveCfg = Debug|Any CPU
		{CBAF2386-378B-4368-92D7-19E5314DBD2B}.Debug|Any CPU.Build.0 = Debug|Any CPU
		{CBAF2386-378B-4368-92D7-19E5314DBD2B}.Release|Any CPU.ActiveCfg = Release|Any CPU
		{CBAF2386-378B-4368-92D7-19E5314DBD2B}.Release|Any CPU.Build.0 = Release|Any CPU
	EndGlobalSection
	GlobalSection(SolutionProperties) = preSolution
		HideSolutionNode = FALSE
	EndGlobalSection
	GlobalSection(ExtensibilityGlobals) = postSolution
		SolutionGuid = {5996A018-891A-4F9C-A6CD-13B2F479166D}
	EndGlobalSection
EndGlobal
